
Microsoft Visual Studio Solution File, Format Version 12.00
# Visual Studio Version 16
VisualStudioVersion = 16.0.31624.102
MinimumVisualStudioVersion = 10.0.40219.1
Project("{FAE04EC0-301F-11D3-BF4B-00C04F79EFBC}") = "vazifa", "vazifa\vazifa.csproj", "{E3B7B955-DBBA-4944-8FE3-7B425711B38A}"
EndProject
Global
	GlobalSection(SolutionConfigurationPlatforms) = preSolution
		Debug|Any CPU = Debug|Any CPU
		Release|Any CPU = Release|Any CPU
	EndGlobalSection
	GlobalSection(ProjectConfigurationPlatforms) = postSolution
		{E3B7B955-DBBA-4944-8FE3-7B425711B38A}.Debug|Any CPU.ActiveCfg = Debug|Any CPU
		{E3B7B955-DBBA-4944-8FE3-7B425711B38A}.Debug|Any CPU.Build.0 = Debug|Any CPU
		{E3B7B955-DBBA-4944-8FE3-7B425711B38A}.Release|Any CPU.ActiveCfg = Release|Any CPU
		{E3B7B955-DBBA-4944-8FE3-7B425711B38A}.Release|Any CPU.Build.0 = Release|Any CPU
	EndGlobalSection
	GlobalSection(SolutionProperties) = preSolution
		HideSolutionNode = FALSE
	EndGlobalSection
	GlobalSection(ExtensibilityGlobals) = postSolution
		SolutionGuid = {5B9CC37C-A1A2-4D8E-81FD-ED885C305A48}
	EndGlobalSection
EndGlobal
